// !$*UTF8*$!
{
	archiveVersion = 1;
	classes = {
	};
	objectVersion = 48;
	objects = {

/* Begin PBXBuildFile section */
		186D7DE51F945DDE0064FCE7 /* AppDelegate.swift in Sources */ = {isa = PBXBuildFile; fileRef = 186D7DE41F945DDE0064FCE7 /* AppDelegate.swift */; };
		186D7DE71F945DDE0064FCE7 /* ViewController.swift in Sources */ = {isa = PBXBuildFile; fileRef = 186D7DE61F945DDE0064FCE7 /* ViewController.swift */; };
		186D7DEA1F945DDE0064FCE7 /* Main.storyboard in Resources */ = {isa = PBXBuildFile; fileRef = 186D7DE81F945DDE0064FCE7 /* Main.storyboard */; };
		186D7DEC1F945DDE0064FCE7 /* Assets.xcassets in Resources */ = {isa = PBXBuildFile; fileRef = 186D7DEB1F945DDE0064FCE7 /* Assets.xcassets */; };
		186D7DEF1F945DDE0064FCE7 /* LaunchScreen.storyboard in Resources */ = {isa = PBXBuildFile; fileRef = 186D7DED1F945DDE0064FCE7 /* LaunchScreen.storyboard */; };
		186D7DFA1F945DDE0064FCE7 /* QYPRunloopTests.swift in Sources */ = {isa = PBXBuildFile; fileRef = 186D7DF91F945DDE0064FCE7 /* QYPRunloopTests.swift */; };
		186D7E051F945DDE0064FCE7 /* QYPRunloopUITests.swift in Sources */ = {isa = PBXBuildFile; fileRef = 186D7E041F945DDE0064FCE7 /* QYPRunloopUITests.swift */; };
/* End PBXBuildFile section */

/* Begin PBXContainerItemProxy section */
		186D7DF61F945DDE0064FCE7 /* PBXContainerItemProxy */ = {
			isa = PBXContainerItemProxy;
			containerPortal = 186D7DD91F945DDD0064FCE7 /* Project object */;
			proxyType = 1;
			remoteGlobalIDString = 186D7DE01F945DDE0064FCE7;
			remoteInfo = QYPRunloop;
		};
		186D7E011F945DDE0064FCE7 /* PBXContainerItemProxy */ = {
			isa = PBXContainerItemProxy;
			containerPortal = 186D7DD91F945DDD0064FCE7 /* Project object */;
			proxyType = 1;
			remoteGlobalIDString = 186D7DE01F945DDE0064FCE7;
			remoteInfo = QYPRunloop;
		};
/* End PBXContainerItemProxy section */

/* Begin PBXFileReference section */
		186D7DE11F945DDE0064FCE7 /* QYPRunloop.app */ = {isa = PBXFileReference; explicitFileType = wrapper.application; includeInIndex = 0; path = QYPRunloop.app; sourceTree = BUILT_PRODUCTS_DIR; };
		186D7DE41F945DDE0064FCE7 /* AppDelegate.swift */ = {isa = PBXFileReference; lastKnownFileType = sourcecode.swift; path = AppDelegate.swift; sourceTree = "<group>"; };
		186D7DE61F945DDE0064FCE7 /* ViewController.swift */ = {isa = PBXFileReference; lastKnownFileType = sourcecode.swift; path = ViewController.swift; sourceTree = "<group>"; };
		186D7DE91F945DDE0064FCE7 /* Base */ = {isa = PBXFileReference; lastKnownFileType = file.storyboard; name = Base; path = Base.lproj/Main.storyboard; sourceTree = "<group>"; };
		186D7DEB1F945DDE0064FCE7 /* Assets.xcassets */ = {isa = PBXFileReference; lastKnownFileType = folder.assetcatalog; path = Assets.xcassets; sourceTree = "<group>"; };
		186D7DEE1F945DDE0064FCE7 /* Base */ = {isa = PBXFileReference; lastKnownFileType = file.storyboard; name = Base; path = Base.lproj/LaunchScreen.storyboard; sourceTree = "<group>"; };
		186D7DF01F945DDE0064FCE7 /* Info.plist */ = {isa = PBXFileReference; lastKnownFileType = text.plist.xml; path = Info.plist; sourceTree = "<group>"; };
		186D7DF51F945DDE0064FCE7 /* QYPRunloopTests.xctest */ = {isa = PBXFileReference; explicitFileType = wrapper.cfbundle; includeInIndex = 0; path = QYPRunloopTests.xctest; sourceTree = BUILT_PRODUCTS_DIR; };
		186D7DF91F945DDE0064FCE7 /* QYPRunloopTests.swift */ = {isa = PBXFileReference; lastKnownFileType = sourcecode.swift; path = QYPRunloopTests.swift; sourceTree = "<group>"; };
		186D7DFB1F945DDE0064FCE7 /* Info.plist */ = {isa = PBXFileReference; lastKnownFileType = text.plist.xml; path = Info.plist; sourceTree = "<group>"; };
		186D7E001F945DDE0064FCE7 /* QYPRunloopUITests.xctest */ = {isa = PBXFileReference; explicitFileType = wrapper.cfbundle; includeInIndex = 0; path = QYPRunloopUITests.xctest; sourceTree = BUILT_PRODUCTS_DIR; };
		186D7E041F945DDE0064FCE7 /* QYPRunloopUITests.swift */ = {isa = PBXFileReference; lastKnownFileType = sourcecode.swift; path = QYPRunloopUITests.swift; sourceTree = "<group>"; };
		186D7E061F945DDE0064FCE7 /* Info.plist */ = {isa = PBXFileReference; lastKnownFileType = text.plist.xml; path = Info.plist; sourceTree = "<group>"; };
/* End PBXFileReference section */

/* Begin PBXFrameworksBuildPhase section */
		186D7DDE1F945DDE0064FCE7 /* Frameworks */ = {
			isa = PBXFrameworksBuildPhase;
			buildActionMask = 2147483647;
			files = (
			);
			runOnlyForDeploymentPostprocessing = 0;
		};
		186D7DF21F945DDE0064FCE7 /* Frameworks */ = {
			isa = PBXFrameworksBuildPhase;
			buildActionMask = 2147483647;
			files = (
			);
			runOnlyForDeploymentPostprocessing = 0;
		};
		186D7DFD1F945DDE0064FCE7 /* Frameworks */ = {
			isa = PBXFrameworksBuildPhase;
			buildActionMask = 2147483647;
			files = (
			);
			runOnlyForDeploymentPostprocessing = 0;
		};
/* End PBXFrameworksBuildPhase section */

/* Begin PBXGroup section */
		186D7DD81F945DDD0064FCE7 = {
			isa = PBXGroup;
			children = (
				186D7DE31F945DDE0064FCE7 /* QYPRunloop */,
				186D7DF81F945DDE0064FCE7 /* QYPRunloopTests */,
				186D7E031F945DDE0064FCE7 /* QYPRunloopUITests */,
				186D7DE21F945DDE0064FCE7 /* Products */,
			);
			sourceTree = "<group>";
		};
		186D7DE21F945DDE0064FCE7 /* Products */ = {
			isa = PBXGroup;
			children = (
				186D7DE11F945DDE0064FCE7 /* QYPRunloop.app */,
				186D7DF51F945DDE0064FCE7 /* QYPRunloopTests.xctest */,
				186D7E001F945DDE0064FCE7 /* QYPRunloopUITests.xctest */,
			);
			name = Products;
			sourceTree = "<group>";
		};
		186D7DE31F945DDE0064FCE7 /* QYPRunloop */ = {
			isa = PBXGroup;
			children = (
				186D7DE41F945DDE0064FCE7 /* AppDelegate.swift */,
				186D7DE61F945DDE0064FCE7 /* ViewController.swift */,
				186D7DE81F945DDE0064FCE7 /* Main.storyboard */,
				186D7DEB1F945DDE0064FCE7 /* Assets.xcassets */,
				186D7DED1F945DDE0064FCE7 /* LaunchScreen.storyboard */,
				186D7DF01F945DDE0064FCE7 /* Info.plist */,
			);
			path = QYPRunloop;
			sourceTree = "<group>";
		};
		186D7DF81F945DDE0064FCE7 /* QYPRunloopTests */ = {
			isa = PBXGroup;
			children = (
				186D7DF91F945DDE0064FCE7 /* QYPRunloopTests.swift */,
				186D7DFB1F945DDE0064FCE7 /* Info.plist */,
			);
			path = QYPRunloopTests;
			sourceTree = "<group>";
		};
		186D7E031F945DDE0064FCE7 /* QYPRunloopUITests */ = {
			isa = PBXGroup;
			children = (
				186D7E041F945DDE0064FCE7 /* QYPRunloopUITests.swift */,
				186D7E061F945DDE0064FCE7 /* Info.plist */,
			);
			path = QYPRunloopUITests;
			sourceTree = "<group>";
		};
/* End PBXGroup section */

/* Begin PBXNativeTarget section */
		186D7DE01F945DDE0064FCE7 /* QYPRunloop */ = {
			isa = PBXNativeTarget;
			buildConfigurationList = 186D7E091F945DDE0064FCE7 /* Build configuration list for PBXNativeTarget "QYPRunloop" */;
			buildPhases = (
				186D7DDD1F945DDE0064FCE7 /* Sources */,
				186D7DDE1F945DDE0064FCE7 /* Frameworks */,
				186D7DDF1F945DDE0064FCE7 /* Resources */,
			);
			buildRules = (
			);
			dependencies = (
			);
			name = QYPRunloop;
			productName = QYPRunloop;
			productReference = 186D7DE11F945DDE0064FCE7 /* QYPRunloop.app */;
			productType = "com.apple.product-type.application";
		};
		186D7DF41F945DDE0064FCE7 /* QYPRunloopTests */ = {
			isa = PBXNativeTarget;
			buildConfigurationList = 186D7E0C1F945DDE0064FCE7 /* Build configuration list for PBXNativeTarget "QYPRunloopTests" */;
			buildPhases = (
				186D7DF11F945DDE0064FCE7 /* Sources */,
				186D7DF21F945DDE0064FCE7 /* Frameworks */,
				186D7DF31F945DDE0064FCE7 /* Resources */,
			);
			buildRules = (
			);
			dependencies = (
				186D7DF71F945DDE0064FCE7 /* PBXTargetDependency */,
			);
			name = QYPRunloopTests;
			productName = QYPRunloopTests;
			productReference = 186D7DF51F945DDE0064FCE7 /* QYPRunloopTests.xctest */;
			productType = "com.apple.product-type.bundle.unit-test";
		};
		186D7DFF1F945DDE0064FCE7 /* QYPRunloopUITests */ = {
			isa = PBXNativeTarget;
			buildConfigurationList = 186D7E0F1F945DDE0064FCE7 /* Build configuration list for PBXNativeTarget "QYPRunloopUITests" */;
			buildPhases = (
				186D7DFC1F945DDE0064FCE7 /* Sources */,
				186D7DFD1F945DDE0064FCE7 /* Frameworks */,
				186D7DFE1F945DDE0064FCE7 /* Resources */,
			);
			buildRules = (
			);
			dependencies = (
				186D7E021F945DDE0064FCE7 /* PBXTargetDependency */,
			);
			name = QYPRunloopUITests;
			productName = QYPRunloopUITests;
			productReference = 186D7E001F945DDE0064FCE7 /* QYPRunloopUITests.xctest */;
			productType = "com.apple.product-type.bundle.ui-testing";
		};
/* End PBXNativeTarget section */

/* Begin PBXProject section */
		186D7DD91F945DDD0064FCE7 /* Project object */ = {
			isa = PBXProject;
			attributes = {
				LastSwiftUpdateCheck = 0910;
				LastUpgradeCheck = 0910;
				ORGANIZATIONNAME = Apple;
				TargetAttributes = {
					186D7DE01F945DDE0064FCE7 = {
						CreatedOnToolsVersion = 9.1;
						ProvisioningStyle = Automatic;
					};
					186D7DF41F945DDE0064FCE7 = {
						CreatedOnToolsVersion = 9.1;
						ProvisioningStyle = Automatic;
						TestTargetID = 186D7DE01F945DDE0064FCE7;
					};
					186D7DFF1F945DDE0064FCE7 = {
						CreatedOnToolsVersion = 9.1;
						ProvisioningStyle = Automatic;
						TestTargetID = 186D7DE01F945DDE0064FCE7;
					};
				};
			};
			buildConfigurationList = 186D7DDC1F945DDD0064FCE7 /* Build configuration list for PBXProject "QYPRunloop" */;
			compatibilityVersion = "Xcode 8.0";
			developmentRegion = en;
			hasScannedForEncodings = 0;
			knownRegions = (
				en,
				Base,
			);
			mainGroup = 186D7DD81F945DDD0064FCE7;
			productRefGroup = 186D7DE21F945DDE0064FCE7 /* Products */;
			projectDirPath = "";
			projectRoot = "";
			targets = (
				186D7DE01F945DDE0064FCE7 /* QYPRunloop */,
				186D7DF41F945DDE0064FCE7 /* QYPRunloopTests */,
				186D7DFF1F945DDE0064FCE7 /* QYPRunloopUITests */,
			);
		};
/* End PBXProject section */

/* Begin PBXResourcesBuildPhase section */
		186D7DDF1F945DDE0064FCE7 /* Resources */ = {
			isa = PBXResourcesBuildPhase;
			buildActionMask = 2147483647;
			files = (
				186D7DEF1F945DDE0064FCE7 /* LaunchScreen.storyboard in Resources */,
				186D7DEC1F945DDE0064FCE7 /* Assets.xcassets in Resources */,
				186D7DEA1F945DDE0064FCE7 /* Main.storyboard in Resources */,
			);
			runOnlyForDeploymentPostprocessing = 0;
		};
		186D7DF31F945DDE0064FCE7 /* Resources */ = {
			isa = PBXResourcesBuildPhase;
			buildActionMask = 2147483647;
			files = (
			);
			runOnlyForDeploymentPostprocessing = 0;
		};
		186D7DFE1F945DDE0064FCE7 /* Resources */ = {
			isa = PBXResourcesBuildPhase;
			buildActionMask = 2147483647;
			files = (
			);
			runOnlyForDeploymentPostprocessing = 0;
		};
/* End PBXResourcesBuildPhase section */

/* Begin PBXSourcesBuildPhase section */
		186D7DDD1F945DDE0064FCE7 /* Sources */ = {
			isa = PBXSourcesBuildPhase;
			buildActionMask = 2147483647;
			files = (
				186D7DE71F945DDE0064FCE7 /* ViewController.swift in Sources */,
				186D7DE51F945DDE0064FCE7 /* AppDelegate.swift in Sources */,
			);
			runOnlyForDeploymentPostprocessing = 0;
		};
		186D7DF11F945DDE0064FCE7 /* Sources */ = {
			isa = PBXSourcesBuildPhase;
			buildActionMask = 2147483647;
			files = (
				186D7DFA1F945DDE0064FCE7 /* QYPRunloopTests.swift in Sources */,
			);
			runOnlyForDeploymentPostprocessing = 0;
		};
		186D7DFC1F945DDE0064FCE7 /* Sources */ = {
			isa = PBXSourcesBuildPhase;
			buildActionMask = 2147483647;
			files = (
				186D7E051F945DDE0064FCE7 /* QYPRunloopUITests.swift in Sources */,
			);
			runOnlyForDeploymentPostprocessing = 0;
		};
/* End PBXSourcesBuildPhase section */

/* Begin PBXTargetDependency section */
		186D7DF71F945DDE0064FCE7 /* PBXTargetDependency */ = {
			isa = PBXTargetDependency;
			target = 186D7DE01F945DDE0064FCE7 /* QYPRunloop */;
			targetProxy = 186D7DF61F945DDE0064FCE7 /* PBXContainerItemProxy */;
		};
		186D7E021F945DDE0064FCE7 /* PBXTargetDependency */ = {
			isa = PBXTargetDependency;
			target = 186D7DE01F945DDE0064FCE7 /* QYPRunloop */;
			targetProxy = 186D7E011F945DDE0064FCE7 /* PBXContainerItemProxy */;
		};
/* End PBXTargetDependency section */

/* Begin PBXVariantGroup section */
		186D7DE81F945DDE0064FCE7 /* Main.storyboard */ = {
			isa = PBXVariantGroup;
			children = (
				186D7DE91F945DDE0064FCE7 /* Base */,
			);
			name = Main.storyboard;
			sourceTree = "<group>";
		};
		186D7DED1F945DDE0064FCE7 /* LaunchScreen.storyboard */ = {
			isa = PBXVariantGroup;
			children = (
				186D7DEE1F945DDE0064FCE7 /* Base */,
			);
			name = LaunchScreen.storyboard;
			sourceTree = "<group>";
		};
/* End PBXVariantGroup section */

/* Begin XCBuildConfiguration section */
		186D7E071F945DDE0064FCE7 /* Debug */ = {
			isa = XCBuildConfiguration;
			buildSettings = {
				ALWAYS_SEARCH_USER_PATHS = NO;
				CLANG_ANALYZER_NONNULL = YES;
				CLANG_ANALYZER_NUMBER_OBJECT_CONVERSION = YES_AGGRESSIVE;
				CLANG_CXX_LANGUAGE_STANDARD = "gnu++14";
				CLANG_CXX_LIBRARY = "libc++";
				CLANG_ENABLE_MODULES = YES;
				CLANG_ENABLE_OBJC_ARC = YES;
				CLANG_WARN_BLOCK_CAPTURE_AUTORELEASING = YES;
				CLANG_WARN_BOOL_CONVERSION = YES;
				CLANG_WARN_COMMA = YES;
				CLANG_WARN_CONSTANT_CONVERSION = YES;
				CLANG_WARN_DIRECT_OBJC_ISA_USAGE = YES_ERROR;
				CLANG_WARN_DOCUMENTATION_COMMENTS = YES;
				CLANG_WARN_EMPTY_BODY = YES;
				CLANG_WARN_ENUM_CONVERSION = YES;
				CLANG_WARN_INFINITE_RECURSION = YES;
				CLANG_WARN_INT_CONVERSION = YES;
				CLANG_WARN_NON_LITERAL_NULL_CONVERSION = YES;
				CLANG_WARN_OBJC_LITERAL_CONVERSION = YES;
				CLANG_WARN_OBJC_ROOT_CLASS = YES_ERROR;
				CLANG_WARN_RANGE_LOOP_ANALYSIS = YES;
				CLANG_WARN_STRICT_PROTOTYPES = YES;
				CLANG_WARN_SUSPICIOUS_MOVE = YES;
				CLANG_WARN_UNGUARDED_AVAILABILITY = YES_AGGRESSIVE;
				CLANG_WARN_UNREACHABLE_CODE = YES;
				CLANG_WARN__DUPLICATE_METHOD_MATCH = YES;
				CODE_SIGN_IDENTITY = "iPhone Developer";
				COPY_PHASE_STRIP = NO;
				DEBUG_INFORMATION_FORMAT = dwarf;
				ENABLE_STRICT_OBJC_MSGSEND = YES;
				ENABLE_TESTABILITY = YES;
				GCC_C_LANGUAGE_STANDARD = gnu11;
				GCC_DYNAMIC_NO_PIC = NO;
				GCC_NO_COMMON_BLOCKS = YES;
				GCC_OPTIMIZATION_LEVEL = 0;
				GCC_PREPROCESSOR_DEFINITIONS = (
					"DEBUG=1",
					"$(inherited)",
				);
				GCC_WARN_64_TO_32_BIT_CONVERSION = YES;
				GCC_WARN_ABOUT_RETURN_TYPE = YES_ERROR;
				GCC_WARN_UNDECLARED_SELECTOR = YES;
				GCC_WARN_UNINITIALIZED_AUTOS = YES_AGGRESSIVE;
				GCC_WARN_UNUSED_FUNCTION = YES;
				GCC_WARN_UNUSED_VARIABLE = YES;
				IPHONEOS_DEPLOYMENT_TARGET = 11.1;
				MTL_ENABLE_DEBUG_INFO = YES;
				ONLY_ACTIVE_ARCH = YES;
				SDKROOT = iphoneos;
				SWIFT_ACTIVE_COMPILATION_CONDITIONS = DEBUG;
				SWIFT_OPTIMIZATION_LEVEL = "-Onone";
			};
			name = Debug;
		};
		186D7E081F945DDE0064FCE7 /* Release */ = {
			isa = XCBuildConfiguration;
			buildSettings = {
				ALWAYS_SEARCH_USER_PATHS = NO;
				CLANG_ANALYZER_NONNULL = YES;
				CLANG_ANALYZER_NUMBER_OBJECT_CONVERSION = YES_AGGRESSIVE;
				CLANG_CXX_LANGUAGE_STANDARD = "gnu++14";
				CLANG_CXX_LIBRARY = "libc++";
				CLANG_ENABLE_MODULES = YES;
				CLANG_ENABLE_OBJC_ARC = YES;
				CLANG_WARN_BLOCK_CAPTURE_AUTORELEASING = YES;
				CLANG_WARN_BOOL_CONVERSION = YES;
				CLANG_WARN_COMMA = YES;
				CLANG_WARN_CONSTANT_CONVERSION = YES;
				CLANG_WARN_DIRECT_OBJC_ISA_USAGE = YES_ERROR;
				CLANG_WARN_DOCUMENTATION_COMMENTS = YES;
				CLANG_WARN_EMPTY_BODY = YES;
				CLANG_WARN_ENUM_CONVERSION = YES;
				CLANG_WARN_INFINITE_RECURSION = YES;
				CLANG_WARN_INT_CONVERSION = YES;
				CLANG_WARN_NON_LITERAL_NULL_CONVERSION = YES;
				CLANG_WARN_OBJC_LITERAL_CONVERSION = YES;
				CLANG_WARN_OBJC_ROOT_CLASS = YES_ERROR;
				CLANG_WARN_RANGE_LOOP_ANALYSIS = YES;
				CLANG_WARN_STRICT_PROTOTYPES = YES;
				CLANG_WARN_SUSPICIOUS_MOVE = YES;
				CLANG_WARN_UNGUARDED_AVAILABILITY = YES_AGGRESSIVE;
				CLANG_WARN_UNREACHABLE_CODE = YES;
				CLANG_WARN__DUPLICATE_METHOD_MATCH = YES;
				CODE_SIGN_IDENTITY = "iPhone Developer";
				COPY_PHASE_STRIP = NO;
				DEBUG_INFORMATION_FORMAT = "dwarf-with-dsym";
				ENABLE_NS_ASSERTIONS = NO;
				ENABLE_STRICT_OBJC_MSGSEND = YES;
				GCC_C_LANGUAGE_STANDARD = gnu11;
				GCC_NO_COMMON_BLOCKS = YES;
				GCC_WARN_64_TO_32_BIT_CONVERSION = YES;
				GCC_WARN_ABOUT_RETURN_TYPE = YES_ERROR;
				GCC_WARN_UNDECLARED_SELECTOR = YES;
				GCC_WARN_UNINITIALIZED_AUTOS = YES_AGGRESSIVE;
				GCC_WARN_UNUSED_FUNCTION = YES;
				GCC_WARN_UNUSED_VARIABLE = YES;
				IPHONEOS_DEPLOYMENT_TARGET = 11.1;
				MTL_ENABLE_DEBUG_INFO = NO;
				SDKROOT = iphoneos;
				SWIFT_OPTIMIZATION_LEVEL = "-Owholemodule";
				VALIDATE_PRODUCT = YES;
			};
			name = Release;
		};
		186D7E0A1F945DDE0064FCE7 /* Debug */ = {
			isa = XCBuildConfiguration;
			buildSettings = {
				ASSETCATALOG_COMPILER_APPICON_NAME = AppIcon;
				CODE_SIGN_STYLE = Automatic;
				INFOPLIST_FILE = QYPRunloop/Info.plist;
				LD_RUNPATH_SEARCH_PATHS = "$(inherited) @executable_path/Frameworks";
				PRODUCT_BUNDLE_IDENTIFIER = Apple.com.QYPRunloop;
				PRODUCT_NAME = "$(TARGET_NAME)";
				SWIFT_VERSION = 4.0;
				TARGETED_DEVICE_FAMILY = "1,2";
			};
			name = Debug;
		};
		186D7E0B1F945DDE0064FCE7 /* Release */ = {
			isa = XCBuildConfiguration;
			buildSettings = {
				ASSETCATALOG_COMPILER_APPICON_NAME = AppIcon;
				CODE_SIGN_STYLE = Automatic;
				INFOPLIST_FILE = QYPRunloop/Info.plist;
				LD_RUNPATH_SEARCH_PATHS = "$(inherited) @executable_path/Frameworks";
				PRODUCT_BUNDLE_IDENTIFIER = Apple.com.QYPRunloop;
				PRODUCT_NAME = "$(TARGET_NAME)";
				SWIFT_VERSION = 4.0;
				TARGETED_DEVICE_FAMILY = "1,2";
			};
			name = Release;
		};
		186D7E0D1F945DDE0064FCE7 /* Debug */ = {
			isa = XCBuildConfiguration;
			buildSettings = {
				ALWAYS_EMBED_SWIFT_STANDARD_LIBRARIES = YES;
				BUNDLE_LOADER = "$(TEST_HOST)";
				CODE_SIGN_STYLE = Automatic;
				INFOPLIST_FILE = QYPRunloopTests/Info.plist;
				LD_RUNPATH_SEARCH_PATHS = "$(inherited) @executable_path/Frameworks @loader_path/Frameworks";
				PRODUCT_BUNDLE_IDENTIFIER = Apple.com.QYPRunloopTests;
				PRODUCT_NAME = "$(TARGET_NAME)";
				SWIFT_VERSION = 4.0;
				TARGETED_DEVICE_FAMILY = "1,2";
				TEST_HOST = "$(BUILT_PRODUCTS_DIR)/QYPRunloop.app/QYPRunloop";
			};
			name = Debug;
		};
		186D7E0E1F945DDE0064FCE7 /* Release */ = {
			isa = XCBuildConfiguration;
			buildSettings = {
				ALWAYS_EMBED_SWIFT_STANDARD_LIBRARIES = YES;
				BUNDLE_LOADER = "$(TEST_HOST)";
				CODE_SIGN_STYLE = Automatic;
				INFOPLIST_FILE = QYPRunloopTests/Info.plist;
				LD_RUNPATH_SEARCH_PATHS = "$(inherited) @executable_path/Frameworks @loader_path/Frameworks";
				PRODUCT_BUNDLE_IDENTIFIER = Apple.com.QYPRunloopTests;
				PRODUCT_NAME = "$(TARGET_NAME)";
				SWIFT_VERSION = 4.0;
				TARGETED_DEVICE_FAMILY = "1,2";
				TEST_HOST = "$(BUILT_PRODUCTS_DIR)/QYPRunloop.app/QYPRunloop";
			};
			name = Release;
		};
		186D7E101F945DDE0064FCE7 /* Debug */ = {
			isa = XCBuildConfiguration;
			buildSettings = {
				ALWAYS_EMBED_SWIFT_STANDARD_LIBRARIES = YES;
				CODE_SIGN_STYLE = Automatic;
				INFOPLIST_FILE = QYPRunloopUITests/Info.plist;
				LD_RUNPATH_SEARCH_PATHS = "$(inherited) @executable_path/Frameworks @loader_path/Frameworks";
				PRODUCT_BUNDLE_IDENTIFIER = Apple.com.QYPRunloopUITests;
				PRODUCT_NAME = "$(TARGET_NAME)";
				SWIFT_VERSION = 4.0;
				TARGETED_DEVICE_FAMILY = "1,2";
				TEST_TARGET_NAME = QYPRunloop;
			};
			name = Debug;
		};
		186D7E111F945DDE0064FCE7 /* Release */ = {
			isa = XCBuildConfiguration;
			buildSettings = {
				ALWAYS_EMBED_SWIFT_STANDARD_LIBRARIES = YES;
				CODE_SIGN_STYLE = Automatic;
				INFOPLIST_FILE = QYPRunloopUITests/Info.plist;
				LD_RUNPATH_SEARCH_PATHS = "$(inherited) @executable_path/Frameworks @loader_path/Frameworks";
				PRODUCT_BUNDLE_IDENTIFIER = Apple.com.QYPRunloopUITests;
				PRODUCT_NAME = "$(TARGET_NAME)";
				SWIFT_VERSION = 4.0;
				TARGETED_DEVICE_FAMILY = "1,2";
				TEST_TARGET_NAME = QYPRunloop;
			};
			name = Release;
		};
/* End XCBuildConfiguration section */

/* Begin XCConfigurationList section */
		186D7DDC1F945DDD0064FCE7 /* Build configuration list for PBXProject "QYPRunloop" */ = {
			isa = XCConfigurationList;
			buildConfigurations = (
				186D7E071F945DDE0064FCE7 /* Debug */,
				186D7E081F945DDE0064FCE7 /* Release */,
			);
			defaultConfigurationIsVisible = 0;
			defaultConfigurationName = Release;
		};
		186D7E091F945DDE0064FCE7 /* Build configuration list for PBXNativeTarget "QYPRunloop" */ = {
			isa = XCConfigurationList;
			buildConfigurations = (
				186D7E0A1F945DDE0064FCE7 /* Debug */,
				186D7E0B1F945DDE0064FCE7 /* Release */,
			);
			defaultConfigurationIsVisible = 0;
			defaultConfigurationName = Release;
		};
		186D7E0C1F945DDE0064FCE7 /* Build configuration list for PBXNativeTarget "QYPRunloopTests" */ = {
			isa = XCConfigurationList;
			buildConfigurations = (
				186D7E0D1F945DDE0064FCE7 /* Debug */,
				186D7E0E1F945DDE0064FCE7 /* Release */,
			);
			defaultConfigurationIsVisible = 0;
			defaultConfigurationName = Release;
		};
		186D7E0F1F945DDE0064FCE7 /* Build configuration list for PBXNativeTarget "QYPRunloopUITests" */ = {
			isa = XCConfigurationList;
			buildConfigurations = (
				186D7E101F945DDE0064FCE7 /* Debug */,
				186D7E111F945DDE0064FCE7 /* Release */,
			);
			defaultConfigurationIsVisible = 0;
			defaultConfigurationName = Release;
		};
/* End XCConfigurationList section */
	};
	rootObject = 186D7DD91F945DDD0064FCE7 /* Project object */;
}
