// !$*UTF8*$!
{
	archiveVersion = 1;
	classes = {
	};
	objectVersion = 48;
	objects = {

/* Begin PBXBuildFile section */
		185C55351F8F020F00B6A912 /* AppDelegate.swift in Sources */ = {isa = PBXBuildFile; fileRef = 185C55341F8F020F00B6A912 /* AppDelegate.swift */; };
		185C55371F8F020F00B6A912 /* ViewController.swift in Sources */ = {isa = PBXBuildFile; fileRef = 185C55361F8F020F00B6A912 /* ViewController.swift */; };
		185C553A1F8F020F00B6A912 /* Main.storyboard in Resources */ = {isa = PBXBuildFile; fileRef = 185C55381F8F020F00B6A912 /* Main.storyboard */; };
		185C553C1F8F020F00B6A912 /* Assets.xcassets in Resources */ = {isa = PBXBuildFile; fileRef = 185C553B1F8F020F00B6A912 /* Assets.xcassets */; };
		185C553F1F8F020F00B6A912 /* LaunchScreen.storyboard in Resources */ = {isa = PBXBuildFile; fileRef = 185C553D1F8F020F00B6A912 /* LaunchScreen.storyboard */; };
		185C554A1F8F021000B6A912 /* QYPWBTests.swift in Sources */ = {isa = PBXBuildFile; fileRef = 185C55491F8F021000B6A912 /* QYPWBTests.swift */; };
		185C55551F8F021000B6A912 /* QYPWBUITests.swift in Sources */ = {isa = PBXBuildFile; fileRef = 185C55541F8F021000B6A912 /* QYPWBUITests.swift */; };
/* End PBXBuildFile section */

/* Begin PBXContainerItemProxy section */
		185C55461F8F021000B6A912 /* PBXContainerItemProxy */ = {
			isa = PBXContainerItemProxy;
			containerPortal = 185C55291F8F020F00B6A912 /* Project object */;
			proxyType = 1;
			remoteGlobalIDString = 185C55301F8F020F00B6A912;
			remoteInfo = QYPWB;
		};
		185C55511F8F021000B6A912 /* PBXContainerItemProxy */ = {
			isa = PBXContainerItemProxy;
			containerPortal = 185C55291F8F020F00B6A912 /* Project object */;
			proxyType = 1;
			remoteGlobalIDString = 185C55301F8F020F00B6A912;
			remoteInfo = QYPWB;
		};
/* End PBXContainerItemProxy section */

/* Begin PBXFileReference section */
		185C55311F8F020F00B6A912 /* QYPWB.app */ = {isa = PBXFileReference; explicitFileType = wrapper.application; includeInIndex = 0; path = QYPWB.app; sourceTree = BUILT_PRODUCTS_DIR; };
		185C55341F8F020F00B6A912 /* AppDelegate.swift */ = {isa = PBXFileReference; lastKnownFileType = sourcecode.swift; path = AppDelegate.swift; sourceTree = "<group>"; };
		185C55361F8F020F00B6A912 /* ViewController.swift */ = {isa = PBXFileReference; lastKnownFileType = sourcecode.swift; path = ViewController.swift; sourceTree = "<group>"; };
		185C55391F8F020F00B6A912 /* Base */ = {isa = PBXFileReference; lastKnownFileType = file.storyboard; name = Base; path = Base.lproj/Main.storyboard; sourceTree = "<group>"; };
		185C553B1F8F020F00B6A912 /* Assets.xcassets */ = {isa = PBXFileReference; lastKnownFileType = folder.assetcatalog; path = Assets.xcassets; sourceTree = "<group>"; };
		185C553E1F8F020F00B6A912 /* Base */ = {isa = PBXFileReference; lastKnownFileType = file.storyboard; name = Base; path = Base.lproj/LaunchScreen.storyboard; sourceTree = "<group>"; };
		185C55401F8F020F00B6A912 /* Info.plist */ = {isa = PBXFileReference; lastKnownFileType = text.plist.xml; path = Info.plist; sourceTree = "<group>"; };
		185C55451F8F021000B6A912 /* QYPWBTests.xctest */ = {isa = PBXFileReference; explicitFileType = wrapper.cfbundle; includeInIndex = 0; path = QYPWBTests.xctest; sourceTree = BUILT_PRODUCTS_DIR; };
		185C55491F8F021000B6A912 /* QYPWBTests.swift */ = {isa = PBXFileReference; lastKnownFileType = sourcecode.swift; path = QYPWBTests.swift; sourceTree = "<group>"; };
		185C554B1F8F021000B6A912 /* Info.plist */ = {isa = PBXFileReference; lastKnownFileType = text.plist.xml; path = Info.plist; sourceTree = "<group>"; };
		185C55501F8F021000B6A912 /* QYPWBUITests.xctest */ = {isa = PBXFileReference; explicitFileType = wrapper.cfbundle; includeInIndex = 0; path = QYPWBUITests.xctest; sourceTree = BUILT_PRODUCTS_DIR; };
		185C55541F8F021000B6A912 /* QYPWBUITests.swift */ = {isa = PBXFileReference; lastKnownFileType = sourcecode.swift; path = QYPWBUITests.swift; sourceTree = "<group>"; };
		185C55561F8F021000B6A912 /* Info.plist */ = {isa = PBXFileReference; lastKnownFileType = text.plist.xml; path = Info.plist; sourceTree = "<group>"; };
/* End PBXFileReference section */

/* Begin PBXFrameworksBuildPhase section */
		185C552E1F8F020F00B6A912 /* Frameworks */ = {
			isa = PBXFrameworksBuildPhase;
			buildActionMask = 2147483647;
			files = (
			);
			runOnlyForDeploymentPostprocessing = 0;
		};
		185C55421F8F021000B6A912 /* Frameworks */ = {
			isa = PBXFrameworksBuildPhase;
			buildActionMask = 2147483647;
			files = (
			);
			runOnlyForDeploymentPostprocessing = 0;
		};
		185C554D1F8F021000B6A912 /* Frameworks */ = {
			isa = PBXFrameworksBuildPhase;
			buildActionMask = 2147483647;
			files = (
			);
			runOnlyForDeploymentPostprocessing = 0;
		};
/* End PBXFrameworksBuildPhase section */

/* Begin PBXGroup section */
		185C55281F8F020F00B6A912 = {
			isa = PBXGroup;
			children = (
				185C55331F8F020F00B6A912 /* QYPWB */,
				185C55481F8F021000B6A912 /* QYPWBTests */,
				185C55531F8F021000B6A912 /* QYPWBUITests */,
				185C55321F8F020F00B6A912 /* Products */,
			);
			sourceTree = "<group>";
		};
		185C55321F8F020F00B6A912 /* Products */ = {
			isa = PBXGroup;
			children = (
				185C55311F8F020F00B6A912 /* QYPWB.app */,
				185C55451F8F021000B6A912 /* QYPWBTests.xctest */,
				185C55501F8F021000B6A912 /* QYPWBUITests.xctest */,
			);
			name = Products;
			sourceTree = "<group>";
		};
		185C55331F8F020F00B6A912 /* QYPWB */ = {
			isa = PBXGroup;
			children = (
				185C55621F8F02D700B6A912 /* Classes */,
				185C55661F8F031F00B6A912 /* Tools */,
				185C55341F8F020F00B6A912 /* AppDelegate.swift */,
				185C55361F8F020F00B6A912 /* ViewController.swift */,
				185C55381F8F020F00B6A912 /* Main.storyboard */,
				185C553B1F8F020F00B6A912 /* Assets.xcassets */,
				185C553D1F8F020F00B6A912 /* LaunchScreen.storyboard */,
				185C55401F8F020F00B6A912 /* Info.plist */,
			);
			path = QYPWB;
			sourceTree = "<group>";
		};
		185C55481F8F021000B6A912 /* QYPWBTests */ = {
			isa = PBXGroup;
			children = (
				185C55491F8F021000B6A912 /* QYPWBTests.swift */,
				185C554B1F8F021000B6A912 /* Info.plist */,
			);
			path = QYPWBTests;
			sourceTree = "<group>";
		};
		185C55531F8F021000B6A912 /* QYPWBUITests */ = {
			isa = PBXGroup;
			children = (
				185C55541F8F021000B6A912 /* QYPWBUITests.swift */,
				185C55561F8F021000B6A912 /* Info.plist */,
			);
			path = QYPWBUITests;
			sourceTree = "<group>";
		};
		185C55621F8F02D700B6A912 /* Classes */ = {
			isa = PBXGroup;
			children = (
				185C55641F8F02D700B6A912 /* View(视图和控制器) */,
				185C55631F8F02D700B6A912 /* Model(模型) */,
				185C55651F8F02D700B6A912 /* ViewModel(视图模型) */,
			);
			path = Classes;
			sourceTree = "<group>";
		};
		185C55631F8F02D700B6A912 /* Model(模型) */ = {
			isa = PBXGroup;
			children = (
			);
			path = "Model(模型)";
			sourceTree = "<group>";
		};
		185C55641F8F02D700B6A912 /* View(视图和控制器) */ = {
			isa = PBXGroup;
			children = (
				185C556C1F8F03B700B6A912 /* Main */,
				185C556A1F8F03B700B6A912 /* Home */,
				185C556E1F8F03B700B6A912 /* Discover */,
				185C556B1F8F03B700B6A912 /* Message */,
				185C556D1F8F03B700B6A912 /* Profile */,
			);
			path = "View(视图和控制器)";
			sourceTree = "<group>";
		};
		185C55651F8F02D700B6A912 /* ViewModel(视图模型) */ = {
			isa = PBXGroup;
			children = (
			);
			path = "ViewModel(视图模型)";
			sourceTree = "<group>";
		};
		185C55661F8F031F00B6A912 /* Tools */ = {
			isa = PBXGroup;
			children = (
				185C55671F8F031F00B6A912 /* Extension */,
				185C55681F8F031F00B6A912 /* Model */,
				185C55691F8F031F00B6A912 /* NetWork */,
			);
			path = Tools;
			sourceTree = "<group>";
		};
		185C55671F8F031F00B6A912 /* Extension */ = {
			isa = PBXGroup;
			children = (
			);
			path = Extension;
			sourceTree = "<group>";
		};
		185C55681F8F031F00B6A912 /* Model */ = {
			isa = PBXGroup;
			children = (
			);
			path = Model;
			sourceTree = "<group>";
		};
		185C55691F8F031F00B6A912 /* NetWork */ = {
			isa = PBXGroup;
			children = (
			);
			path = NetWork;
			sourceTree = "<group>";
		};
		185C556A1F8F03B700B6A912 /* Home */ = {
			isa = PBXGroup;
			children = (
			);
			path = Home;
			sourceTree = "<group>";
		};
		185C556B1F8F03B700B6A912 /* Message */ = {
			isa = PBXGroup;
			children = (
			);
			path = Message;
			sourceTree = "<group>";
		};
		185C556C1F8F03B700B6A912 /* Main */ = {
			isa = PBXGroup;
			children = (
			);
			path = Main;
			sourceTree = "<group>";
		};
		185C556D1F8F03B700B6A912 /* Profile */ = {
			isa = PBXGroup;
			children = (
			);
			path = Profile;
			sourceTree = "<group>";
		};
		185C556E1F8F03B700B6A912 /* Discover */ = {
			isa = PBXGroup;
			children = (
			);
			path = Discover;
			sourceTree = "<group>";
		};
/* End PBXGroup section */

/* Begin PBXNativeTarget section */
		185C55301F8F020F00B6A912 /* QYPWB */ = {
			isa = PBXNativeTarget;
			buildConfigurationList = 185C55591F8F021000B6A912 /* Build configuration list for PBXNativeTarget "QYPWB" */;
			buildPhases = (
				185C552D1F8F020F00B6A912 /* Sources */,
				185C552E1F8F020F00B6A912 /* Frameworks */,
				185C552F1F8F020F00B6A912 /* Resources */,
			);
			buildRules = (
			);
			dependencies = (
			);
			name = QYPWB;
			productName = QYPWB;
			productReference = 185C55311F8F020F00B6A912 /* QYPWB.app */;
			productType = "com.apple.product-type.application";
		};
		185C55441F8F021000B6A912 /* QYPWBTests */ = {
			isa = PBXNativeTarget;
			buildConfigurationList = 185C555C1F8F021000B6A912 /* Build configuration list for PBXNativeTarget "QYPWBTests" */;
			buildPhases = (
				185C55411F8F021000B6A912 /* Sources */,
				185C55421F8F021000B6A912 /* Frameworks */,
				185C55431F8F021000B6A912 /* Resources */,
			);
			buildRules = (
			);
			dependencies = (
				185C55471F8F021000B6A912 /* PBXTargetDependency */,
			);
			name = QYPWBTests;
			productName = QYPWBTests;
			productReference = 185C55451F8F021000B6A912 /* QYPWBTests.xctest */;
			productType = "com.apple.product-type.bundle.unit-test";
		};
		185C554F1F8F021000B6A912 /* QYPWBUITests */ = {
			isa = PBXNativeTarget;
			buildConfigurationList = 185C555F1F8F021000B6A912 /* Build configuration list for PBXNativeTarget "QYPWBUITests" */;
			buildPhases = (
				185C554C1F8F021000B6A912 /* Sources */,
				185C554D1F8F021000B6A912 /* Frameworks */,
				185C554E1F8F021000B6A912 /* Resources */,
			);
			buildRules = (
			);
			dependencies = (
				185C55521F8F021000B6A912 /* PBXTargetDependency */,
			);
			name = QYPWBUITests;
			productName = QYPWBUITests;
			productReference = 185C55501F8F021000B6A912 /* QYPWBUITests.xctest */;
			productType = "com.apple.product-type.bundle.ui-testing";
		};
/* End PBXNativeTarget section */

/* Begin PBXProject section */
		185C55291F8F020F00B6A912 /* Project object */ = {
			isa = PBXProject;
			attributes = {
				CLASSPREFIX = QYP;
				LastSwiftUpdateCheck = 0910;
				LastUpgradeCheck = 0910;
				ORGANIZATIONNAME = Apple;
				TargetAttributes = {
					185C55301F8F020F00B6A912 = {
						CreatedOnToolsVersion = 9.1;
						ProvisioningStyle = Automatic;
					};
					185C55441F8F021000B6A912 = {
						CreatedOnToolsVersion = 9.1;
						ProvisioningStyle = Automatic;
						TestTargetID = 185C55301F8F020F00B6A912;
					};
					185C554F1F8F021000B6A912 = {
						CreatedOnToolsVersion = 9.1;
						ProvisioningStyle = Automatic;
						TestTargetID = 185C55301F8F020F00B6A912;
					};
				};
			};
			buildConfigurationList = 185C552C1F8F020F00B6A912 /* Build configuration list for PBXProject "QYPWB" */;
			compatibilityVersion = "Xcode 8.0";
			developmentRegion = en;
			hasScannedForEncodings = 0;
			knownRegions = (
				en,
				Base,
			);
			mainGroup = 185C55281F8F020F00B6A912;
			productRefGroup = 185C55321F8F020F00B6A912 /* Products */;
			projectDirPath = "";
			projectRoot = "";
			targets = (
				185C55301F8F020F00B6A912 /* QYPWB */,
				185C55441F8F021000B6A912 /* QYPWBTests */,
				185C554F1F8F021000B6A912 /* QYPWBUITests */,
			);
		};
/* End PBXProject section */

/* Begin PBXResourcesBuildPhase section */
		185C552F1F8F020F00B6A912 /* Resources */ = {
			isa = PBXResourcesBuildPhase;
			buildActionMask = 2147483647;
			files = (
				185C553F1F8F020F00B6A912 /* LaunchScreen.storyboard in Resources */,
				185C553C1F8F020F00B6A912 /* Assets.xcassets in Resources */,
				185C553A1F8F020F00B6A912 /* Main.storyboard in Resources */,
			);
			runOnlyForDeploymentPostprocessing = 0;
		};
		185C55431F8F021000B6A912 /* Resources */ = {
			isa = PBXResourcesBuildPhase;
			buildActionMask = 2147483647;
			files = (
			);
			runOnlyForDeploymentPostprocessing = 0;
		};
		185C554E1F8F021000B6A912 /* Resources */ = {
			isa = PBXResourcesBuildPhase;
			buildActionMask = 2147483647;
			files = (
			);
			runOnlyForDeploymentPostprocessing = 0;
		};
/* End PBXResourcesBuildPhase section */

/* Begin PBXSourcesBuildPhase section */
		185C552D1F8F020F00B6A912 /* Sources */ = {
			isa = PBXSourcesBuildPhase;
			buildActionMask = 2147483647;
			files = (
				185C55371F8F020F00B6A912 /* ViewController.swift in Sources */,
				185C55351F8F020F00B6A912 /* AppDelegate.swift in Sources */,
			);
			runOnlyForDeploymentPostprocessing = 0;
		};
		185C55411F8F021000B6A912 /* Sources */ = {
			isa = PBXSourcesBuildPhase;
			buildActionMask = 2147483647;
			files = (
				185C554A1F8F021000B6A912 /* QYPWBTests.swift in Sources */,
			);
			runOnlyForDeploymentPostprocessing = 0;
		};
		185C554C1F8F021000B6A912 /* Sources */ = {
			isa = PBXSourcesBuildPhase;
			buildActionMask = 2147483647;
			files = (
				185C55551F8F021000B6A912 /* QYPWBUITests.swift in Sources */,
			);
			runOnlyForDeploymentPostprocessing = 0;
		};
/* End PBXSourcesBuildPhase section */

/* Begin PBXTargetDependency section */
		185C55471F8F021000B6A912 /* PBXTargetDependency */ = {
			isa = PBXTargetDependency;
			target = 185C55301F8F020F00B6A912 /* QYPWB */;
			targetProxy = 185C55461F8F021000B6A912 /* PBXContainerItemProxy */;
		};
		185C55521F8F021000B6A912 /* PBXTargetDependency */ = {
			isa = PBXTargetDependency;
			target = 185C55301F8F020F00B6A912 /* QYPWB */;
			targetProxy = 185C55511F8F021000B6A912 /* PBXContainerItemProxy */;
		};
/* End PBXTargetDependency section */

/* Begin PBXVariantGroup section */
		185C55381F8F020F00B6A912 /* Main.storyboard */ = {
			isa = PBXVariantGroup;
			children = (
				185C55391F8F020F00B6A912 /* Base */,
			);
			name = Main.storyboard;
			sourceTree = "<group>";
		};
		185C553D1F8F020F00B6A912 /* LaunchScreen.storyboard */ = {
			isa = PBXVariantGroup;
			children = (
				185C553E1F8F020F00B6A912 /* Base */,
			);
			name = LaunchScreen.storyboard;
			sourceTree = "<group>";
		};
/* End PBXVariantGroup section */

/* Begin XCBuildConfiguration section */
		185C55571F8F021000B6A912 /* Debug */ = {
			isa = XCBuildConfiguration;
			buildSettings = {
				ALWAYS_SEARCH_USER_PATHS = NO;
				CLANG_ANALYZER_NONNULL = YES;
				CLANG_ANALYZER_NUMBER_OBJECT_CONVERSION = YES_AGGRESSIVE;
				CLANG_CXX_LANGUAGE_STANDARD = "gnu++14";
				CLANG_CXX_LIBRARY = "libc++";
				CLANG_ENABLE_MODULES = YES;
				CLANG_ENABLE_OBJC_ARC = YES;
				CLANG_WARN_BLOCK_CAPTURE_AUTORELEASING = YES;
				CLANG_WARN_BOOL_CONVERSION = YES;
				CLANG_WARN_COMMA = YES;
				CLANG_WARN_CONSTANT_CONVERSION = YES;
				CLANG_WARN_DIRECT_OBJC_ISA_USAGE = YES_ERROR;
				CLANG_WARN_DOCUMENTATION_COMMENTS = YES;
				CLANG_WARN_EMPTY_BODY = YES;
				CLANG_WARN_ENUM_CONVERSION = YES;
				CLANG_WARN_INFINITE_RECURSION = YES;
				CLANG_WARN_INT_CONVERSION = YES;
				CLANG_WARN_NON_LITERAL_NULL_CONVERSION = YES;
				CLANG_WARN_OBJC_LITERAL_CONVERSION = YES;
				CLANG_WARN_OBJC_ROOT_CLASS = YES_ERROR;
				CLANG_WARN_RANGE_LOOP_ANALYSIS = YES;
				CLANG_WARN_STRICT_PROTOTYPES = YES;
				CLANG_WARN_SUSPICIOUS_MOVE = YES;
				CLANG_WARN_UNGUARDED_AVAILABILITY = YES_AGGRESSIVE;
				CLANG_WARN_UNREACHABLE_CODE = YES;
				CLANG_WARN__DUPLICATE_METHOD_MATCH = YES;
				CODE_SIGN_IDENTITY = "iPhone Developer";
				COPY_PHASE_STRIP = NO;
				DEBUG_INFORMATION_FORMAT = dwarf;
				ENABLE_STRICT_OBJC_MSGSEND = YES;
				ENABLE_TESTABILITY = YES;
				GCC_C_LANGUAGE_STANDARD = gnu11;
				GCC_DYNAMIC_NO_PIC = NO;
				GCC_NO_COMMON_BLOCKS = YES;
				GCC_OPTIMIZATION_LEVEL = 0;
				GCC_PREPROCESSOR_DEFINITIONS = (
					"DEBUG=1",
					"$(inherited)",
				);
				GCC_WARN_64_TO_32_BIT_CONVERSION = YES;
				GCC_WARN_ABOUT_RETURN_TYPE = YES_ERROR;
				GCC_WARN_UNDECLARED_SELECTOR = YES;
				GCC_WARN_UNINITIALIZED_AUTOS = YES_AGGRESSIVE;
				GCC_WARN_UNUSED_FUNCTION = YES;
				GCC_WARN_UNUSED_VARIABLE = YES;
				IPHONEOS_DEPLOYMENT_TARGET = 11.1;
				MTL_ENABLE_DEBUG_INFO = YES;
				ONLY_ACTIVE_ARCH = YES;
				SDKROOT = iphoneos;
				SWIFT_ACTIVE_COMPILATION_CONDITIONS = DEBUG;
				SWIFT_OPTIMIZATION_LEVEL = "-Onone";
			};
			name = Debug;
		};
		185C55581F8F021000B6A912 /* Release */ = {
			isa = XCBuildConfiguration;
			buildSettings = {
				ALWAYS_SEARCH_USER_PATHS = NO;
				CLANG_ANALYZER_NONNULL = YES;
				CLANG_ANALYZER_NUMBER_OBJECT_CONVERSION = YES_AGGRESSIVE;
				CLANG_CXX_LANGUAGE_STANDARD = "gnu++14";
				CLANG_CXX_LIBRARY = "libc++";
				CLANG_ENABLE_MODULES = YES;
				CLANG_ENABLE_OBJC_ARC = YES;
				CLANG_WARN_BLOCK_CAPTURE_AUTORELEASING = YES;
				CLANG_WARN_BOOL_CONVERSION = YES;
				CLANG_WARN_COMMA = YES;
				CLANG_WARN_CONSTANT_CONVERSION = YES;
				CLANG_WARN_DIRECT_OBJC_ISA_USAGE = YES_ERROR;
				CLANG_WARN_DOCUMENTATION_COMMENTS = YES;
				CLANG_WARN_EMPTY_BODY = YES;
				CLANG_WARN_ENUM_CONVERSION = YES;
				CLANG_WARN_INFINITE_RECURSION = YES;
				CLANG_WARN_INT_CONVERSION = YES;
				CLANG_WARN_NON_LITERAL_NULL_CONVERSION = YES;
				CLANG_WARN_OBJC_LITERAL_CONVERSION = YES;
				CLANG_WARN_OBJC_ROOT_CLASS = YES_ERROR;
				CLANG_WARN_RANGE_LOOP_ANALYSIS = YES;
				CLANG_WARN_STRICT_PROTOTYPES = YES;
				CLANG_WARN_SUSPICIOUS_MOVE = YES;
				CLANG_WARN_UNGUARDED_AVAILABILITY = YES_AGGRESSIVE;
				CLANG_WARN_UNREACHABLE_CODE = YES;
				CLANG_WARN__DUPLICATE_METHOD_MATCH = YES;
				CODE_SIGN_IDENTITY = "iPhone Developer";
				COPY_PHASE_STRIP = NO;
				DEBUG_INFORMATION_FORMAT = "dwarf-with-dsym";
				ENABLE_NS_ASSERTIONS = NO;
				ENABLE_STRICT_OBJC_MSGSEND = YES;
				GCC_C_LANGUAGE_STANDARD = gnu11;
				GCC_NO_COMMON_BLOCKS = YES;
				GCC_WARN_64_TO_32_BIT_CONVERSION = YES;
				GCC_WARN_ABOUT_RETURN_TYPE = YES_ERROR;
				GCC_WARN_UNDECLARED_SELECTOR = YES;
				GCC_WARN_UNINITIALIZED_AUTOS = YES_AGGRESSIVE;
				GCC_WARN_UNUSED_FUNCTION = YES;
				GCC_WARN_UNUSED_VARIABLE = YES;
				IPHONEOS_DEPLOYMENT_TARGET = 11.1;
				MTL_ENABLE_DEBUG_INFO = NO;
				SDKROOT = iphoneos;
				SWIFT_OPTIMIZATION_LEVEL = "-Owholemodule";
				VALIDATE_PRODUCT = YES;
			};
			name = Release;
		};
		185C555A1F8F021000B6A912 /* Debug */ = {
			isa = XCBuildConfiguration;
			buildSettings = {
				ASSETCATALOG_COMPILER_APPICON_NAME = AppIcon;
				ASSETCATALOG_COMPILER_LAUNCHIMAGE_NAME = LaunchImage;
				CODE_SIGN_STYLE = Automatic;
				DEVELOPMENT_TEAM = G9A5TMJ2KM;
				INFOPLIST_FILE = QYPWB/Info.plist;
				LD_RUNPATH_SEARCH_PATHS = "$(inherited) @executable_path/Frameworks";
				PRODUCT_BUNDLE_IDENTIFIER = Apple.com.QYPWB;
				PRODUCT_NAME = "$(TARGET_NAME)";
				SWIFT_VERSION = 4.0;
				TARGETED_DEVICE_FAMILY = "1,2";
			};
			name = Debug;
		};
		185C555B1F8F021000B6A912 /* Release */ = {
			isa = XCBuildConfiguration;
			buildSettings = {
				ASSETCATALOG_COMPILER_APPICON_NAME = AppIcon;
				ASSETCATALOG_COMPILER_LAUNCHIMAGE_NAME = LaunchImage;
				CODE_SIGN_STYLE = Automatic;
				DEVELOPMENT_TEAM = G9A5TMJ2KM;
				INFOPLIST_FILE = QYPWB/Info.plist;
				LD_RUNPATH_SEARCH_PATHS = "$(inherited) @executable_path/Frameworks";
				PRODUCT_BUNDLE_IDENTIFIER = Apple.com.QYPWB;
				PRODUCT_NAME = "$(TARGET_NAME)";
				SWIFT_VERSION = 4.0;
				TARGETED_DEVICE_FAMILY = "1,2";
			};
			name = Release;
		};
		185C555D1F8F021000B6A912 /* Debug */ = {
			isa = XCBuildConfiguration;
			buildSettings = {
				ALWAYS_EMBED_SWIFT_STANDARD_LIBRARIES = YES;
				BUNDLE_LOADER = "$(TEST_HOST)";
				CODE_SIGN_STYLE = Automatic;
				INFOPLIST_FILE = QYPWBTests/Info.plist;
				LD_RUNPATH_SEARCH_PATHS = "$(inherited) @executable_path/Frameworks @loader_path/Frameworks";
				PRODUCT_BUNDLE_IDENTIFIER = Apple.com.QYPWBTests;
				PRODUCT_NAME = "$(TARGET_NAME)";
				SWIFT_VERSION = 4.0;
				TARGETED_DEVICE_FAMILY = "1,2";
				TEST_HOST = "$(BUILT_PRODUCTS_DIR)/QYPWB.app/QYPWB";
			};
			name = Debug;
		};
		185C555E1F8F021000B6A912 /* Release */ = {
			isa = XCBuildConfiguration;
			buildSettings = {
				ALWAYS_EMBED_SWIFT_STANDARD_LIBRARIES = YES;
				BUNDLE_LOADER = "$(TEST_HOST)";
				CODE_SIGN_STYLE = Automatic;
				INFOPLIST_FILE = QYPWBTests/Info.plist;
				LD_RUNPATH_SEARCH_PATHS = "$(inherited) @executable_path/Frameworks @loader_path/Frameworks";
				PRODUCT_BUNDLE_IDENTIFIER = Apple.com.QYPWBTests;
				PRODUCT_NAME = "$(TARGET_NAME)";
				SWIFT_VERSION = 4.0;
				TARGETED_DEVICE_FAMILY = "1,2";
				TEST_HOST = "$(BUILT_PRODUCTS_DIR)/QYPWB.app/QYPWB";
			};
			name = Release;
		};
		185C55601F8F021000B6A912 /* Debug */ = {
			isa = XCBuildConfiguration;
			buildSettings = {
				ALWAYS_EMBED_SWIFT_STANDARD_LIBRARIES = YES;
				CODE_SIGN_STYLE = Automatic;
				INFOPLIST_FILE = QYPWBUITests/Info.plist;
				LD_RUNPATH_SEARCH_PATHS = "$(inherited) @executable_path/Frameworks @loader_path/Frameworks";
				PRODUCT_BUNDLE_IDENTIFIER = Apple.com.QYPWBUITests;
				PRODUCT_NAME = "$(TARGET_NAME)";
				SWIFT_VERSION = 4.0;
				TARGETED_DEVICE_FAMILY = "1,2";
				TEST_TARGET_NAME = QYPWB;
			};
			name = Debug;
		};
		185C55611F8F021000B6A912 /* Release */ = {
			isa = XCBuildConfiguration;
			buildSettings = {
				ALWAYS_EMBED_SWIFT_STANDARD_LIBRARIES = YES;
				CODE_SIGN_STYLE = Automatic;
				INFOPLIST_FILE = QYPWBUITests/Info.plist;
				LD_RUNPATH_SEARCH_PATHS = "$(inherited) @executable_path/Frameworks @loader_path/Frameworks";
				PRODUCT_BUNDLE_IDENTIFIER = Apple.com.QYPWBUITests;
				PRODUCT_NAME = "$(TARGET_NAME)";
				SWIFT_VERSION = 4.0;
				TARGETED_DEVICE_FAMILY = "1,2";
				TEST_TARGET_NAME = QYPWB;
			};
			name = Release;
		};
/* End XCBuildConfiguration section */

/* Begin XCConfigurationList section */
		185C552C1F8F020F00B6A912 /* Build configuration list for PBXProject "QYPWB" */ = {
			isa = XCConfigurationList;
			buildConfigurations = (
				185C55571F8F021000B6A912 /* Debug */,
				185C55581F8F021000B6A912 /* Release */,
			);
			defaultConfigurationIsVisible = 0;
			defaultConfigurationName = Release;
		};
		185C55591F8F021000B6A912 /* Build configuration list for PBXNativeTarget "QYPWB" */ = {
			isa = XCConfigurationList;
			buildConfigurations = (
				185C555A1F8F021000B6A912 /* Debug */,
				185C555B1F8F021000B6A912 /* Release */,
			);
			defaultConfigurationIsVisible = 0;
			defaultConfigurationName = Release;
		};
		185C555C1F8F021000B6A912 /* Build configuration list for PBXNativeTarget "QYPWBTests" */ = {
			isa = XCConfigurationList;
			buildConfigurations = (
				185C555D1F8F021000B6A912 /* Debug */,
				185C555E1F8F021000B6A912 /* Release */,
			);
			defaultConfigurationIsVisible = 0;
			defaultConfigurationName = Release;
		};
		185C555F1F8F021000B6A912 /* Build configuration list for PBXNativeTarget "QYPWBUITests" */ = {
			isa = XCConfigurationList;
			buildConfigurations = (
				185C55601F8F021000B6A912 /* Debug */,
				185C55611F8F021000B6A912 /* Release */,
			);
			defaultConfigurationIsVisible = 0;
			defaultConfigurationName = Release;
		};
/* End XCConfigurationList section */
	};
	rootObject = 185C55291F8F020F00B6A912 /* Project object */;
}
